
Microsoft Visual Studio Solution File, Format Version 12.00
# Visual Studio Version 17
VisualStudioVersion = 17.9.34622.214
MinimumVisualStudioVersion = 10.0.40219.1
Project("{FAE04EC0-301F-11D3-BF4B-00C04F79EFBC}") = "OutboundEmail", "OutboundEmail\OutboundEmail.csproj", "{1FAB472F-19E6-4D9A-A04C-57A5589A5B4C}"
EndProject
Project("{FAE04EC0-301F-11D3-BF4B-00C04F79EFBC}") = "InboundEmail", "InboundEmail\InboundEmail.csproj", "{8148E638-965C-453B-B18E-EC6796E3D6FD}"
EndProject
Project("{54435603-DBB4-11D2-8724-00A0C9A8B90C}") = "InbountEmail.Setup", "InbountEmail.Setup\InbountEmail.Setup.vdproj", "{AAB34D0D-7365-407D-B119-DBA11025EC8F}"
EndProject
Global
	GlobalSection(SolutionConfigurationPlatforms) = preSolution
		Debug|Any CPU = Debug|Any CPU
		Release|Any CPU = Release|Any CPU
	EndGlobalSection
	GlobalSection(ProjectConfigurationPlatforms) = postSolution
		{1FAB472F-19E6-4D9A-A04C-57A5589A5B4C}.Debug|Any CPU.ActiveCfg = Debug|Any CPU
		{1FAB472F-19E6-4D9A-A04C-57A5589A5B4C}.Debug|Any CPU.Build.0 = Debug|Any CPU
		{1FAB472F-19E6-4D9A-A04C-57A5589A5B4C}.Release|Any CPU.ActiveCfg = Release|Any CPU
		{1FAB472F-19E6-4D9A-A04C-57A5589A5B4C}.Release|Any CPU.Build.0 = Release|Any CPU
		{8148E638-965C-453B-B18E-EC6796E3D6FD}.Debug|Any CPU.ActiveCfg = Debug|Any CPU
		{8148E638-965C-453B-B18E-EC6796E3D6FD}.Debug|Any CPU.Build.0 = Debug|Any CPU
		{8148E638-965C-453B-B18E-EC6796E3D6FD}.Release|Any CPU.ActiveCfg = Release|Any CPU
		{8148E638-965C-453B-B18E-EC6796E3D6FD}.Release|Any CPU.Build.0 = Release|Any CPU
		{AAB34D0D-7365-407D-B119-DBA11025EC8F}.Debug|Any CPU.ActiveCfg = Debug
		{AAB34D0D-7365-407D-B119-DBA11025EC8F}.Release|Any CPU.ActiveCfg = Release
	EndGlobalSection
	GlobalSection(SolutionProperties) = preSolution
		HideSolutionNode = FALSE
	EndGlobalSection
	GlobalSection(ExtensibilityGlobals) = postSolution
		SolutionGuid = {6A6164FA-FD2D-4C0F-8370-FC03CDBE7ACE}
	EndGlobalSection
EndGlobal
